
Microsoft Visual Studio Solution File, Format Version 12.00
# Visual Studio 2015
Project("{FAE04EC0-301F-11D3-BF4B-00C04F79EFBC}") = "Unity---Map-Creation.CSharp", "Unity---Map-Creation.CSharp.csproj", "{8C99C188-B0D7-AE16-52B9-5976B46D2C34}"
EndProject
Project("{FAE04EC0-301F-11D3-BF4B-00C04F79EFBC}") = "Unity---Map-Creation.CSharp.Editor", "Unity---Map-Creation.CSharp.Editor.csproj", "{9F5ACC76-3D25-0A54-7353-6C7D9AF8482A}"
EndProject
Global
	GlobalSection(SolutionConfigurationPlatforms) = preSolution
		Debug|Any CPU = Debug|Any CPU
		Release|Any CPU = Release|Any CPU
	EndGlobalSection
	GlobalSection(ProjectConfigurationPlatforms) = postSolution
		{8C99C188-B0D7-AE16-52B9-5976B46D2C34}.Debug|Any CPU.ActiveCfg = Debug|Any CPU
		{8C99C188-B0D7-AE16-52B9-5976B46D2C34}.Debug|Any CPU.Build.0 = Debug|Any CPU
		{8C99C188-B0D7-AE16-52B9-5976B46D2C34}.Release|Any CPU.ActiveCfg = Release|Any CPU
		{8C99C188-B0D7-AE16-52B9-5976B46D2C34}.Release|Any CPU.Build.0 = Release|Any CPU
		{9F5ACC76-3D25-0A54-7353-6C7D9AF8482A}.Debug|Any CPU.ActiveCfg = Debug|Any CPU
		{9F5ACC76-3D25-0A54-7353-6C7D9AF8482A}.Debug|Any CPU.Build.0 = Debug|Any CPU
		{9F5ACC76-3D25-0A54-7353-6C7D9AF8482A}.Release|Any CPU.ActiveCfg = Release|Any CPU
		{9F5ACC76-3D25-0A54-7353-6C7D9AF8482A}.Release|Any CPU.Build.0 = Release|Any CPU
	EndGlobalSection
	GlobalSection(SolutionProperties) = preSolution
		HideSolutionNode = FALSE
	EndGlobalSection
EndGlobal
